
Microsoft Visual Studio Solution File, Format Version 12.00
# Visual Studio Version 17
VisualStudioVersion = 17.8.34322.80
MinimumVisualStudioVersion = 10.0.40219.1
Project("{FAE04EC0-301F-11D3-BF4B-00C04F79EFBC}") = "PolinoameInterpolareGrafice", "PolinoameInterpolareGrafice.csproj", "{CBBC9E63-6F69-4E1A-98A1-33500F794E68}"
EndProject
Global
	GlobalSection(SolutionConfigurationPlatforms) = preSolution
		Debug|Any CPU = Debug|Any CPU
		Release|Any CPU = Release|Any CPU
	EndGlobalSection
	GlobalSection(ProjectConfigurationPlatforms) = postSolution
		{CBBC9E63-6F69-4E1A-98A1-33500F794E68}.Debug|Any CPU.ActiveCfg = Debug|Any CPU
		{CBBC9E63-6F69-4E1A-98A1-33500F794E68}.Debug|Any CPU.Build.0 = Debug|Any CPU
		{CBBC9E63-6F69-4E1A-98A1-33500F794E68}.Release|Any CPU.ActiveCfg = Release|Any CPU
		{CBBC9E63-6F69-4E1A-98A1-33500F794E68}.Release|Any CPU.Build.0 = Release|Any CPU
	EndGlobalSection
	GlobalSection(SolutionProperties) = preSolution
		HideSolutionNode = FALSE
	EndGlobalSection
	GlobalSection(ExtensibilityGlobals) = postSolution
		SolutionGuid = {109525ED-0BA5-429C-A35F-E9E928F8ED81}
	EndGlobalSection
EndGlobal
